{
  "name": "deletme",
  "version": "1.0.0",
  "lockfileVersion": 3,
  "requires": true,
  "packages": {
    "": {
      "name": "deletme",
      "version": "1.0.0",
      "license": "ISC",
      "dependencies": {
        "@compass-labs/api-sdk": "^0.1.9"
      },
      "devDependencies": {
        "typescript": "^5.8.3"
      }
    },
    "node_modules/@compass-labs/api-sdk": {
      "version": "0.1.9",
      "resolved": "https://registry.npmjs.org/@compass-labs/api-sdk/-/api-sdk-0.1.9.tgz",
      "integrity": "sha512-/kTSjohXQgaA2Q70Wiw6U3guRW3WYdrJJPpjZOXZWmLM3MiuzzvJ4QAXKNdwrUxwi/EU2YQMfBFPrc/n9s1tcA==",
      "bin": {
        "mcp": "bin/mcp-server.js"
      },
      "peerDependencies": {
        "@modelcontextprotocol/sdk": ">=1.5.0 <1.10.0",
        "zod": ">= 3"
      },
      "peerDependenciesMeta": {
        "@modelcontextprotocol/sdk": {
          "optional": true
        }
      }
    },
    "node_modules/typescript": {
      "version": "5.8.3",
      "resolved": "https://registry.npmjs.org/typescript/-/typescript-5.8.3.tgz",
      "integrity": "sha512-p1diW6TqL9L07nNxvRMM7hMMw4c5XOo/1ibL4aAIGmSAt9slTE1Xgw5KWuof2uTOvCg9BY7ZRi+GaF+7sfgPeQ==",
      "dev": true,
      "bin": {
        "tsc": "bin/tsc",
        "tsserver": "bin/tsserver"
      },
      "engines": {
        "node": ">=14.17"
      }
    },
    "node_modules/zod": {
      "version": "3.25.32",
      "resolved": "https://registry.npmjs.org/zod/-/zod-3.25.32.tgz",
      "integrity": "sha512-OSm2xTIRfW8CV5/QKgngwmQW/8aPfGdaQFlrGoErlgg/Epm7cjb6K6VEyExfe65a3VybUOnu381edLb0dfJl0g==",
      "peer": true,
      "funding": {
        "url": "https://github.com/sponsors/colinhacks"
      }
    }
  }
}
